
Microsoft Visual Studio Solution File, Format Version 12.00
Project("{FAE04EC0-301F-11D3-BF4B-00C04F79EFBC}") = "AveManiaBot", "AveManiaBot.csproj", "{AAE2D4C4-C888-4624-B9ED-68E8C1EAA430}"
EndProject
Project("{2150E333-8FDC-42A3-9474-1A3956D46DE8}") = "Solution Items", "Solution Items", "{D2BAC96D-02D6-4CA3-B878-25C64DD9DD0B}"
	ProjectSection(SolutionItems) = preProject
		compose.yaml = compose.yaml
	EndProjectSection
EndProject
Project("{FAE04EC0-301F-11D3-BF4B-00C04F79EFBC}") = "AveManiaBot.Tests", "..\AveManiaBot.Tests\AveManiaBot.Tests.csproj", "{5A2E8777-70B4-4284-8649-DBA33DE30B69}"
EndProject
Global
	GlobalSection(SolutionConfigurationPlatforms) = preSolution
		Debug|Any CPU = Debug|Any CPU
		Release|Any CPU = Release|Any CPU
	EndGlobalSection
	GlobalSection(ProjectConfigurationPlatforms) = postSolution
		{AAE2D4C4-C888-4624-B9ED-68E8C1EAA430}.Debug|Any CPU.ActiveCfg = Debug|Any CPU
		{AAE2D4C4-C888-4624-B9ED-68E8C1EAA430}.Debug|Any CPU.Build.0 = Debug|Any CPU
		{AAE2D4C4-C888-4624-B9ED-68E8C1EAA430}.Release|Any CPU.ActiveCfg = Release|Any CPU
		{AAE2D4C4-C888-4624-B9ED-68E8C1EAA430}.Release|Any CPU.Build.0 = Release|Any CPU
		{5A2E8777-70B4-4284-8649-DBA33DE30B69}.Debug|Any CPU.ActiveCfg = Debug|Any CPU
		{5A2E8777-70B4-4284-8649-DBA33DE30B69}.Debug|Any CPU.Build.0 = Debug|Any CPU
		{5A2E8777-70B4-4284-8649-DBA33DE30B69}.Release|Any CPU.ActiveCfg = Release|Any CPU
		{5A2E8777-70B4-4284-8649-DBA33DE30B69}.Release|Any CPU.Build.0 = Release|Any CPU
	EndGlobalSection
EndGlobal
